
Microsoft Visual Studio Solution File, Format Version 12.00
# Visual Studio Version 17
VisualStudioVersion = 17.12.35728.132 d17.12
MinimumVisualStudioVersion = 10.0.40219.1
Project("{888888A0-9F3D-457C-B088-3A5042F75D52}") = "MatanLab2", "MatanLab2\MatanLab2.pyproj", "{DCF1BD1E-6DA5-4A5D-9317-6CEEA5E5339D}"
EndProject
Global
	GlobalSection(SolutionConfigurationPlatforms) = preSolution
		Debug|Any CPU = Debug|Any CPU
		Release|Any CPU = Release|Any CPU
	EndGlobalSection
	GlobalSection(ProjectConfigurationPlatforms) = postSolution
		{DCF1BD1E-6DA5-4A5D-9317-6CEEA5E5339D}.Debug|Any CPU.ActiveCfg = Debug|Any CPU
		{DCF1BD1E-6DA5-4A5D-9317-6CEEA5E5339D}.Release|Any CPU.ActiveCfg = Release|Any CPU
	EndGlobalSection
	GlobalSection(SolutionProperties) = preSolution
		HideSolutionNode = FALSE
	EndGlobalSection
EndGlobal
